
Microsoft Visual Studio Solution File, Format Version 12.00
# Visual Studio 15
VisualStudioVersion = 15.0.27703.2035
MinimumVisualStudioVersion = 10.0.40219.1
Project("{FAE04EC0-301F-11D3-BF4B-00C04F79EFBC}") = "App1.Android", "App1\App1.Android\App1.Android.csproj", "{A6A4BDE5-83F0-4A83-887E-5D91A2CFBF3E}"
EndProject
Project("{FAE04EC0-301F-11D3-BF4B-00C04F79EFBC}") = "App1", "App1\App1\App1.csproj", "{A5875976-3D4C-42BB-B45D-62B4C8995BA4}"
EndProject
Global
	GlobalSection(SolutionConfigurationPlatforms) = preSolution
		Debug|Any CPU = Debug|Any CPU
		Release|Any CPU = Release|Any CPU
	EndGlobalSection
	GlobalSection(ProjectConfigurationPlatforms) = postSolution
		{A6A4BDE5-83F0-4A83-887E-5D91A2CFBF3E}.Debug|Any CPU.ActiveCfg = Debug|Any CPU
		{A6A4BDE5-83F0-4A83-887E-5D91A2CFBF3E}.Debug|Any CPU.Build.0 = Debug|Any CPU
		{A6A4BDE5-83F0-4A83-887E-5D91A2CFBF3E}.Debug|Any CPU.Deploy.0 = Debug|Any CPU
		{A6A4BDE5-83F0-4A83-887E-5D91A2CFBF3E}.Release|Any CPU.ActiveCfg = Release|Any CPU
		{A6A4BDE5-83F0-4A83-887E-5D91A2CFBF3E}.Release|Any CPU.Build.0 = Release|Any CPU
		{A6A4BDE5-83F0-4A83-887E-5D91A2CFBF3E}.Release|Any CPU.Deploy.0 = Release|Any CPU
		{A5875976-3D4C-42BB-B45D-62B4C8995BA4}.Debug|Any CPU.ActiveCfg = Debug|Any CPU
		{A5875976-3D4C-42BB-B45D-62B4C8995BA4}.Debug|Any CPU.Build.0 = Debug|Any CPU
		{A5875976-3D4C-42BB-B45D-62B4C8995BA4}.Debug|Any CPU.Deploy.0 = Debug|Any CPU
		{A5875976-3D4C-42BB-B45D-62B4C8995BA4}.Release|Any CPU.ActiveCfg = Release|Any CPU
		{A5875976-3D4C-42BB-B45D-62B4C8995BA4}.Release|Any CPU.Build.0 = Release|Any CPU
		{A5875976-3D4C-42BB-B45D-62B4C8995BA4}.Release|Any CPU.Deploy.0 = Release|Any CPU
	EndGlobalSection
	GlobalSection(SolutionProperties) = preSolution
		HideSolutionNode = FALSE
	EndGlobalSection
	GlobalSection(ExtensibilityGlobals) = postSolution
		SolutionGuid = {65C09869-2A41-4D46-B2A4-348C3B483A1A}
	EndGlobalSection
EndGlobal
